
Microsoft Visual Studio Solution File, Format Version 12.00
# Visual Studio 15
VisualStudioVersion = 15.0.27428.2043
MinimumVisualStudioVersion = 10.0.40219.1
Project("{888888A0-9F3D-457C-B088-3A5042F75D52}") = "SocktKlient", "SocktKlient\SocktKlient.pyproj", "{2469454E-0B41-408E-AE45-56ED206361B6}"
EndProject
Global
	GlobalSection(SolutionConfigurationPlatforms) = preSolution
		Debug|Any CPU = Debug|Any CPU
		Release|Any CPU = Release|Any CPU
	EndGlobalSection
	GlobalSection(ProjectConfigurationPlatforms) = postSolution
		{2469454E-0B41-408E-AE45-56ED206361B6}.Debug|Any CPU.ActiveCfg = Debug|Any CPU
		{2469454E-0B41-408E-AE45-56ED206361B6}.Release|Any CPU.ActiveCfg = Release|Any CPU
	EndGlobalSection
	GlobalSection(SolutionProperties) = preSolution
		HideSolutionNode = FALSE
	EndGlobalSection
	GlobalSection(ExtensibilityGlobals) = postSolution
		SolutionGuid = {865A429F-75F7-4C19-B488-22A259AC2356}
	EndGlobalSection
EndGlobal
